
Microsoft Visual Studio Solution File, Format Version 12.00
# Visual Studio 15
VisualStudioVersion = 15.0.28010.2016
MinimumVisualStudioVersion = 10.0.40219.1
Project("{FAE04EC0-301F-11D3-BF4B-00C04F79EFBC}") = "CollectTrash", "CollectTrash\CollectTrash.csproj", "{9F2E8073-3549-4E08-BC03-256E67EEF6B5}"
EndProject
Global
	GlobalSection(SolutionConfigurationPlatforms) = preSolution
		Debug|Any CPU = Debug|Any CPU
		Release|Any CPU = Release|Any CPU
	EndGlobalSection
	GlobalSection(ProjectConfigurationPlatforms) = postSolution
		{9F2E8073-3549-4E08-BC03-256E67EEF6B5}.Debug|Any CPU.ActiveCfg = Debug|Any CPU
		{9F2E8073-3549-4E08-BC03-256E67EEF6B5}.Debug|Any CPU.Build.0 = Debug|Any CPU
		{9F2E8073-3549-4E08-BC03-256E67EEF6B5}.Release|Any CPU.ActiveCfg = Release|Any CPU
		{9F2E8073-3549-4E08-BC03-256E67EEF6B5}.Release|Any CPU.Build.0 = Release|Any CPU
	EndGlobalSection
	GlobalSection(SolutionProperties) = preSolution
		HideSolutionNode = FALSE
	EndGlobalSection
	GlobalSection(ExtensibilityGlobals) = postSolution
		SolutionGuid = {36A8E443-33DD-4D00-B504-91845E0C89D9}
	EndGlobalSection
EndGlobal
